
Microsoft Visual Studio Solution File, Format Version 12.00
# Visual Studio Version 16
VisualStudioVersion = 16.0.30413.136
MinimumVisualStudioVersion = 10.0.40219.1
Project("{9A19103F-16F7-4668-BE54-9A1E7A4F7556}") = "CreditCard", "CreditCard\CreditCard.csproj", "{BC320ED6-206A-418B-AF9B-26142717681E}"
EndProject
Project("{FAE04EC0-301F-11D3-BF4B-00C04F79EFBC}") = "TestUp", "TestUp\TestUp.csproj", "{01A66E8E-16D4-487D-848C-68AAA4A3F4C5}"
EndProject
Global
	GlobalSection(SolutionConfigurationPlatforms) = preSolution
		Debug|Any CPU = Debug|Any CPU
		Release|Any CPU = Release|Any CPU
	EndGlobalSection
	GlobalSection(ProjectConfigurationPlatforms) = postSolution
		{BC320ED6-206A-418B-AF9B-26142717681E}.Debug|Any CPU.ActiveCfg = Debug|Any CPU
		{BC320ED6-206A-418B-AF9B-26142717681E}.Debug|Any CPU.Build.0 = Debug|Any CPU
		{BC320ED6-206A-418B-AF9B-26142717681E}.Release|Any CPU.ActiveCfg = Release|Any CPU
		{BC320ED6-206A-418B-AF9B-26142717681E}.Release|Any CPU.Build.0 = Release|Any CPU
		{01A66E8E-16D4-487D-848C-68AAA4A3F4C5}.Debug|Any CPU.ActiveCfg = Debug|Any CPU
		{01A66E8E-16D4-487D-848C-68AAA4A3F4C5}.Debug|Any CPU.Build.0 = Debug|Any CPU
		{01A66E8E-16D4-487D-848C-68AAA4A3F4C5}.Release|Any CPU.ActiveCfg = Release|Any CPU
		{01A66E8E-16D4-487D-848C-68AAA4A3F4C5}.Release|Any CPU.Build.0 = Release|Any CPU
	EndGlobalSection
	GlobalSection(SolutionProperties) = preSolution
		HideSolutionNode = FALSE
	EndGlobalSection
	GlobalSection(ExtensibilityGlobals) = postSolution
		SolutionGuid = {2B271498-B641-48D3-9F77-3D2BD7886B23}
	EndGlobalSection
EndGlobal
