
Microsoft Visual Studio Solution File, Format Version 12.00
# Visual Studio Version 16
VisualStudioVersion = 16.0.30413.136
MinimumVisualStudioVersion = 10.0.40219.1
Project("{FAE04EC0-301F-11D3-BF4B-00C04F79EFBC}") = "BMICalculator", "BMICalculator\BMICalculator.csproj", "{27A02CA9-7EA0-475A-B293-30DC3536A96D}"
EndProject
Global
	GlobalSection(SolutionConfigurationPlatforms) = preSolution
		Debug|Any CPU = Debug|Any CPU
		Release|Any CPU = Release|Any CPU
	EndGlobalSection
	GlobalSection(ProjectConfigurationPlatforms) = postSolution
		{27A02CA9-7EA0-475A-B293-30DC3536A96D}.Debug|Any CPU.ActiveCfg = Debug|Any CPU
		{27A02CA9-7EA0-475A-B293-30DC3536A96D}.Debug|Any CPU.Build.0 = Debug|Any CPU
		{27A02CA9-7EA0-475A-B293-30DC3536A96D}.Release|Any CPU.ActiveCfg = Release|Any CPU
		{27A02CA9-7EA0-475A-B293-30DC3536A96D}.Release|Any CPU.Build.0 = Release|Any CPU
	EndGlobalSection
	GlobalSection(SolutionProperties) = preSolution
		HideSolutionNode = FALSE
	EndGlobalSection
	GlobalSection(ExtensibilityGlobals) = postSolution
		SolutionGuid = {C82C1416-1F54-4481-AD60-037C2C248F5D}
	EndGlobalSection
EndGlobal
