
Microsoft Visual Studio Solution File, Format Version 12.00
# Visual Studio Version 16
VisualStudioVersion = 16.0.30413.136
MinimumVisualStudioVersion = 10.0.40219.1
Project("{FAE04EC0-301F-11D3-BF4B-00C04F79EFBC}") = "Monday", "Monday\Monday.csproj", "{F926DBE4-2418-4ED8-A93F-4F29948E88EA}"
EndProject
Global
	GlobalSection(SolutionConfigurationPlatforms) = preSolution
		Debug|Any CPU = Debug|Any CPU
		Release|Any CPU = Release|Any CPU
	EndGlobalSection
	GlobalSection(ProjectConfigurationPlatforms) = postSolution
		{F926DBE4-2418-4ED8-A93F-4F29948E88EA}.Debug|Any CPU.ActiveCfg = Debug|Any CPU
		{F926DBE4-2418-4ED8-A93F-4F29948E88EA}.Debug|Any CPU.Build.0 = Debug|Any CPU
		{F926DBE4-2418-4ED8-A93F-4F29948E88EA}.Release|Any CPU.ActiveCfg = Release|Any CPU
		{F926DBE4-2418-4ED8-A93F-4F29948E88EA}.Release|Any CPU.Build.0 = Release|Any CPU
	EndGlobalSection
	GlobalSection(SolutionProperties) = preSolution
		HideSolutionNode = FALSE
	EndGlobalSection
	GlobalSection(ExtensibilityGlobals) = postSolution
		SolutionGuid = {59E7F660-24E1-4E6A-93D0-E67865D1960A}
	EndGlobalSection
EndGlobal
