
Microsoft Visual Studio Solution File, Format Version 12.00
# Visual Studio Version 16
VisualStudioVersion = 16.0.30413.136
MinimumVisualStudioVersion = 10.0.40219.1
Project("{FAE04EC0-301F-11D3-BF4B-00C04F79EFBC}") = "StringInter", "StringInter\StringInter.csproj", "{986015B7-8910-400F-BFB3-5BED971A2625}"
EndProject
Project("{FAE04EC0-301F-11D3-BF4B-00C04F79EFBC}") = "Task1", "Task1\Task1.csproj", "{2DDE043B-51EE-4EA2-93A7-FFE10C84FA48}"
EndProject
Global
	GlobalSection(SolutionConfigurationPlatforms) = preSolution
		Debug|Any CPU = Debug|Any CPU
		Release|Any CPU = Release|Any CPU
	EndGlobalSection
	GlobalSection(ProjectConfigurationPlatforms) = postSolution
		{986015B7-8910-400F-BFB3-5BED971A2625}.Debug|Any CPU.ActiveCfg = Debug|Any CPU
		{986015B7-8910-400F-BFB3-5BED971A2625}.Debug|Any CPU.Build.0 = Debug|Any CPU
		{986015B7-8910-400F-BFB3-5BED971A2625}.Release|Any CPU.ActiveCfg = Release|Any CPU
		{986015B7-8910-400F-BFB3-5BED971A2625}.Release|Any CPU.Build.0 = Release|Any CPU
		{2DDE043B-51EE-4EA2-93A7-FFE10C84FA48}.Debug|Any CPU.ActiveCfg = Debug|Any CPU
		{2DDE043B-51EE-4EA2-93A7-FFE10C84FA48}.Debug|Any CPU.Build.0 = Debug|Any CPU
		{2DDE043B-51EE-4EA2-93A7-FFE10C84FA48}.Release|Any CPU.ActiveCfg = Release|Any CPU
		{2DDE043B-51EE-4EA2-93A7-FFE10C84FA48}.Release|Any CPU.Build.0 = Release|Any CPU
	EndGlobalSection
	GlobalSection(SolutionProperties) = preSolution
		HideSolutionNode = FALSE
	EndGlobalSection
	GlobalSection(ExtensibilityGlobals) = postSolution
		SolutionGuid = {7D19264B-63B7-464B-BB35-83FAB1B23B7F}
	EndGlobalSection
EndGlobal
